
Microsoft Visual Studio Solution File, Format Version 10.00
# Visual Studio 2008
Project("{FAE04EC0-301F-11D3-BF4B-00C04F79EFBC}") = "km", "km\km.csproj", "{F874F037-A4DD-414E-99AC-53A66F3D5BFC}"
EndProject
Global
	GlobalSection(SolutionConfigurationPlatforms) = preSolution
		Debug|Any CPU = Debug|Any CPU
		Release|Any CPU = Release|Any CPU
	EndGlobalSection
	GlobalSection(ProjectConfigurationPlatforms) = postSolution
		{F874F037-A4DD-414E-99AC-53A66F3D5BFC}.Debug|Any CPU.ActiveCfg = Debug|Any CPU
		{F874F037-A4DD-414E-99AC-53A66F3D5BFC}.Debug|Any CPU.Build.0 = Debug|Any CPU
		{F874F037-A4DD-414E-99AC-53A66F3D5BFC}.Release|Any CPU.ActiveCfg = Release|Any CPU
		{F874F037-A4DD-414E-99AC-53A66F3D5BFC}.Release|Any CPU.Build.0 = Release|Any CPU
	EndGlobalSection
	GlobalSection(SolutionProperties) = preSolution
		HideSolutionNode = FALSE
	EndGlobalSection
EndGlobal
